
Microsoft Visual Studio Solution File, Format Version 12.00
# Visual Studio Version 17
VisualStudioVersion = 17.5.33424.131
MinimumVisualStudioVersion = 10.0.40219.1
Project("{FAE04EC0-301F-11D3-BF4B-00C04F79EFBC}") = "TCP", "TCP.csproj", "{9B26B3F8-1160-47D8-975B-C1CEE81A4BFF}"
EndProject
Global
	GlobalSection(SolutionConfigurationPlatforms) = preSolution
		Debug|Any CPU = Debug|Any CPU
		Release|Any CPU = Release|Any CPU
	EndGlobalSection
	GlobalSection(ProjectConfigurationPlatforms) = postSolution
		{9B26B3F8-1160-47D8-975B-C1CEE81A4BFF}.Debug|Any CPU.ActiveCfg = Debug|Any CPU
		{9B26B3F8-1160-47D8-975B-C1CEE81A4BFF}.Debug|Any CPU.Build.0 = Debug|Any CPU
		{9B26B3F8-1160-47D8-975B-C1CEE81A4BFF}.Release|Any CPU.ActiveCfg = Release|Any CPU
		{9B26B3F8-1160-47D8-975B-C1CEE81A4BFF}.Release|Any CPU.Build.0 = Release|Any CPU
	EndGlobalSection
	GlobalSection(SolutionProperties) = preSolution
		HideSolutionNode = FALSE
	EndGlobalSection
	GlobalSection(ExtensibilityGlobals) = postSolution
		SolutionGuid = {A214ADF6-22E9-458A-BF2B-AAAABD4BCDAA}
	EndGlobalSection
EndGlobal
